
Microsoft Visual Studio Solution File, Format Version 12.00
# Visual Studio Version 17
VisualStudioVersion = 17.2.32630.192
MinimumVisualStudioVersion = 10.0.40219.1
Project("{FAE04EC0-301F-11D3-BF4B-00C04F79EFBC}") = "testgraphqlAPI", "testgraphqlAPI\testgraphqlAPI.csproj", "{2B7D1529-A4CE-451B-A417-224271F935BF}"
EndProject
Global
	GlobalSection(SolutionConfigurationPlatforms) = preSolution
		Debug|Any CPU = Debug|Any CPU
		Release|Any CPU = Release|Any CPU
	EndGlobalSection
	GlobalSection(ProjectConfigurationPlatforms) = postSolution
		{2B7D1529-A4CE-451B-A417-224271F935BF}.Debug|Any CPU.ActiveCfg = Debug|Any CPU
		{2B7D1529-A4CE-451B-A417-224271F935BF}.Debug|Any CPU.Build.0 = Debug|Any CPU
		{2B7D1529-A4CE-451B-A417-224271F935BF}.Release|Any CPU.ActiveCfg = Release|Any CPU
		{2B7D1529-A4CE-451B-A417-224271F935BF}.Release|Any CPU.Build.0 = Release|Any CPU
	EndGlobalSection
	GlobalSection(SolutionProperties) = preSolution
		HideSolutionNode = FALSE
	EndGlobalSection
	GlobalSection(ExtensibilityGlobals) = postSolution
		SolutionGuid = {43F7F104-1070-4071-AAAE-1619ADD83590}
	EndGlobalSection
EndGlobal
